// !$*UTF8*$!
{
	archiveVersion = 1;
	classes = {
	};
	objectVersion = 51;
	objects = {

/* Begin PBXBuildFile section */
		930BBF31247C1C110065D631 /* RoutineExerciseTableViewCell.swift in Sources */ = {isa = PBXBuildFile; fileRef = 930BBF2F247C1C110065D631 /* RoutineExerciseTableViewCell.swift */; };
		930BBF32247C1C110065D631 /* RoutineExerciseTableViewCell.xib in Resources */ = {isa = PBXBuildFile; fileRef = 930BBF30247C1C110065D631 /* RoutineExerciseTableViewCell.xib */; };
		930BBF37247C34480065D631 /* AddBMIDataSB.storyboard in Resources */ = {isa = PBXBuildFile; fileRef = 930BBF36247C34480065D631 /* AddBMIDataSB.storyboard */; };
		931C6642247D671C008EF9F2 /* BMIGraphViewController.swift in Sources */ = {isa = PBXBuildFile; fileRef = 931C6641247D671C008EF9F2 /* BMIGraphViewController.swift */; };
		931CE0B1244129BA00D2AD96 /* ExerciseInfoViewController.swift in Sources */ = {isa = PBXBuildFile; fileRef = 931CE0B0244129BA00D2AD96 /* ExerciseInfoViewController.swift */; };
		936AB1B1246C638C008B1D92 /* AddExerciseTableViewController.swift in Sources */ = {isa = PBXBuildFile; fileRef = 936AB1B0246C638C008B1D92 /* AddExerciseTableViewController.swift */; };
		938B16F4246C9D4900CA0BD2 /* AddRoutineTableViewController.swift in Sources */ = {isa = PBXBuildFile; fileRef = 938B16F3246C9D4900CA0BD2 /* AddRoutineTableViewController.swift */; };
		938B16F9246CBFB800CA0BD2 /* AddExerciseSBViewController.swift in Sources */ = {isa = PBXBuildFile; fileRef = 938B16F7246CBFB700CA0BD2 /* AddExerciseSBViewController.swift */; };
		938B16FA246CBFB800CA0BD2 /* AddExercise.storyboard in Resources */ = {isa = PBXBuildFile; fileRef = 938B16F8246CBFB800CA0BD2 /* AddExercise.storyboard */; };
		93BF03072465AB5C00E3E167 /* PageController.swift in Sources */ = {isa = PBXBuildFile; fileRef = 93BF03062465AB5C00E3E167 /* PageController.swift */; };
		93BF03092465B2A200E3E167 /* PageCell.swift in Sources */ = {isa = PBXBuildFile; fileRef = 93BF03082465B2A200E3E167 /* PageCell.swift */; };
		93BF030C2465E13500E3E167 /* Page.swift in Sources */ = {isa = PBXBuildFile; fileRef = 93BF030B2465E13500E3E167 /* Page.swift */; };
		93C15AAA243BDF71008B6B0F /* Constants.swift in Sources */ = {isa = PBXBuildFile; fileRef = 93C15AA9243BDF71008B6B0F /* Constants.swift */; };
		93C8D54C247C57710043F228 /* AddBMIDataSBViewController.swift in Sources */ = {isa = PBXBuildFile; fileRef = 93C8D54B247C57710043F228 /* AddBMIDataSBViewController.swift */; };
		93CB6757247C759800B40F7D /* BMITableViewController.swift in Sources */ = {isa = PBXBuildFile; fileRef = 93CB6756247C759800B40F7D /* BMITableViewController.swift */; };
		93CE92A524639357002875AD /* RoutineInfoViewController.swift in Sources */ = {isa = PBXBuildFile; fileRef = 93CE92A424639357002875AD /* RoutineInfoViewController.swift */; };
		93CF7233243BB88600C53AED /* ExercisesViewController.swift in Sources */ = {isa = PBXBuildFile; fileRef = 93CF7232243BB88600C53AED /* ExercisesViewController.swift */; };
		93CF7235243BB8DE00C53AED /* RoutinesViewController.swift in Sources */ = {isa = PBXBuildFile; fileRef = 93CF7234243BB8DE00C53AED /* RoutinesViewController.swift */; };
		93CF7237243BB8F000C53AED /* MyRoutinesViewController.swift in Sources */ = {isa = PBXBuildFile; fileRef = 93CF7236243BB8F000C53AED /* MyRoutinesViewController.swift */; };
		93CF7239243BB90400C53AED /* OthersViewController.swift in Sources */ = {isa = PBXBuildFile; fileRef = 93CF7238243BB90400C53AED /* OthersViewController.swift */; };
		93ECB1F42433B05100F4EF8E /* AppDelegate.swift in Sources */ = {isa = PBXBuildFile; fileRef = 93ECB1F32433B05100F4EF8E /* AppDelegate.swift */; };
		93ECB1F92433B05100F4EF8E /* Main.storyboard in Resources */ = {isa = PBXBuildFile; fileRef = 93ECB1F72433B05100F4EF8E /* Main.storyboard */; };
		93ECB1FC2433B05100F4EF8E /* My_GYM_Management.xcdatamodeld in Sources */ = {isa = PBXBuildFile; fileRef = 93ECB1FA2433B05100F4EF8E /* My_GYM_Management.xcdatamodeld */; };
		93ECB1FE2433B05400F4EF8E /* Assets.xcassets in Resources */ = {isa = PBXBuildFile; fileRef = 93ECB1FD2433B05400F4EF8E /* Assets.xcassets */; };
		93ECB2012433B05400F4EF8E /* LaunchScreen.storyboard in Resources */ = {isa = PBXBuildFile; fileRef = 93ECB1FF2433B05400F4EF8E /* LaunchScreen.storyboard */; };
		93FEA80A244646A000EAE2E0 /* MuscleGroupSelectorViewController.swift in Sources */ = {isa = PBXBuildFile; fileRef = 93FEA809244646A000EAE2E0 /* MuscleGroupSelectorViewController.swift */; };
		93FEA80C24464D3E00EAE2E0 /* RoutinesListViewController.swift in Sources */ = {isa = PBXBuildFile; fileRef = 93FEA80B24464D3E00EAE2E0 /* RoutinesListViewController.swift */; };
		D5C56C9748E54D5CF47A085E /* Pods_My_GYM_Management.framework in Frameworks */ = {isa = PBXBuildFile; fileRef = 56B709B0FC24C3EC50274E2A /* Pods_My_GYM_Management.framework */; };
/* End PBXBuildFile section */

/* Begin PBXFileReference section */
		56B709B0FC24C3EC50274E2A /* Pods_My_GYM_Management.framework */ = {isa = PBXFileReference; explicitFileType = wrapper.framework; includeInIndex = 0; path = Pods_My_GYM_Management.framework; sourceTree = BUILT_PRODUCTS_DIR; };
		8A9088F07192A215ACAAD032 /* Pods-My GYM Management.release.xcconfig */ = {isa = PBXFileReference; includeInIndex = 1; lastKnownFileType = text.xcconfig; name = "Pods-My GYM Management.release.xcconfig"; path = "Target Support Files/Pods-My GYM Management/Pods-My GYM Management.release.xcconfig"; sourceTree = "<group>"; };
		930BBF2F247C1C110065D631 /* RoutineExerciseTableViewCell.swift */ = {isa = PBXFileReference; lastKnownFileType = sourcecode.swift; path = RoutineExerciseTableViewCell.swift; sourceTree = "<group>"; };
		930BBF30247C1C110065D631 /* RoutineExerciseTableViewCell.xib */ = {isa = PBXFileReference; lastKnownFileType = file.xib; path = RoutineExerciseTableViewCell.xib; sourceTree = "<group>"; };
		930BBF36247C34480065D631 /* AddBMIDataSB.storyboard */ = {isa = PBXFileReference; lastKnownFileType = file.storyboard; path = AddBMIDataSB.storyboard; sourceTree = "<group>"; };
		931C6641247D671C008EF9F2 /* BMIGraphViewController.swift */ = {isa = PBXFileReference; lastKnownFileType = sourcecode.swift; path = BMIGraphViewController.swift; sourceTree = "<group>"; };
		931CE0B0244129BA00D2AD96 /* ExerciseInfoViewController.swift */ = {isa = PBXFileReference; lastKnownFileType = sourcecode.swift; path = ExerciseInfoViewController.swift; sourceTree = "<group>"; };
		936AB1B0246C638C008B1D92 /* AddExerciseTableViewController.swift */ = {isa = PBXFileReference; lastKnownFileType = sourcecode.swift; path = AddExerciseTableViewController.swift; sourceTree = "<group>"; };
		938B16F3246C9D4900CA0BD2 /* AddRoutineTableViewController.swift */ = {isa = PBXFileReference; lastKnownFileType = sourcecode.swift; path = AddRoutineTableViewController.swift; sourceTree = "<group>"; };
		938B16F7246CBFB700CA0BD2 /* AddExerciseSBViewController.swift */ = {isa = PBXFileReference; fileEncoding = 4; lastKnownFileType = sourcecode.swift; path = AddExerciseSBViewController.swift; sourceTree = "<group>"; };
		938B16F8246CBFB800CA0BD2 /* AddExercise.storyboard */ = {isa = PBXFileReference; fileEncoding = 4; lastKnownFileType = file.storyboard; path = AddExercise.storyboard; sourceTree = "<group>"; };
		93BF03062465AB5C00E3E167 /* PageController.swift */ = {isa = PBXFileReference; lastKnownFileType = sourcecode.swift; path = PageController.swift; sourceTree = "<group>"; };
		93BF03082465B2A200E3E167 /* PageCell.swift */ = {isa = PBXFileReference; lastKnownFileType = sourcecode.swift; path = PageCell.swift; sourceTree = "<group>"; };
		93BF030B2465E13500E3E167 /* Page.swift */ = {isa = PBXFileReference; lastKnownFileType = sourcecode.swift; path = Page.swift; sourceTree = "<group>"; };
		93C15AA9243BDF71008B6B0F /* Constants.swift */ = {isa = PBXFileReference; lastKnownFileType = sourcecode.swift; path = Constants.swift; sourceTree = "<group>"; };
		93C8D54B247C57710043F228 /* AddBMIDataSBViewController.swift */ = {isa = PBXFileReference; lastKnownFileType = sourcecode.swift; path = AddBMIDataSBViewController.swift; sourceTree = "<group>"; };
		93CB6756247C759800B40F7D /* BMITableViewController.swift */ = {isa = PBXFileReference; lastKnownFileType = sourcecode.swift; path = BMITableViewController.swift; sourceTree = "<group>"; };
		93CE92A424639357002875AD /* RoutineInfoViewController.swift */ = {isa = PBXFileReference; lastKnownFileType = sourcecode.swift; path = RoutineInfoViewController.swift; sourceTree = "<group>"; };
		93CF7232243BB88600C53AED /* ExercisesViewController.swift */ = {isa = PBXFileReference; lastKnownFileType = sourcecode.swift; path = ExercisesViewController.swift; sourceTree = "<group>"; };
		93CF7234243BB8DE00C53AED /* RoutinesViewController.swift */ = {isa = PBXFileReference; lastKnownFileType = sourcecode.swift; path = RoutinesViewController.swift; sourceTree = "<group>"; };
		93CF7236243BB8F000C53AED /* MyRoutinesViewController.swift */ = {isa = PBXFileReference; lastKnownFileType = sourcecode.swift; path = MyRoutinesViewController.swift; sourceTree = "<group>"; };
		93CF7238243BB90400C53AED /* OthersViewController.swift */ = {isa = PBXFileReference; lastKnownFileType = sourcecode.swift; path = OthersViewController.swift; sourceTree = "<group>"; };
		93ECB1F02433B05100F4EF8E /* My GYM Management.app */ = {isa = PBXFileReference; explicitFileType = wrapper.application; includeInIndex = 0; path = "My GYM Management.app"; sourceTree = BUILT_PRODUCTS_DIR; };
		93ECB1F32433B05100F4EF8E /* AppDelegate.swift */ = {isa = PBXFileReference; lastKnownFileType = sourcecode.swift; path = AppDelegate.swift; sourceTree = "<group>"; };
		93ECB1F82433B05100F4EF8E /* Base */ = {isa = PBXFileReference; lastKnownFileType = file.storyboard; name = Base; path = Base.lproj/Main.storyboard; sourceTree = "<group>"; };
		93ECB1FB2433B05100F4EF8E /* My_GYM_Management.xcdatamodel */ = {isa = PBXFileReference; lastKnownFileType = wrapper.xcdatamodel; path = My_GYM_Management.xcdatamodel; sourceTree = "<group>"; };
		93ECB1FD2433B05400F4EF8E /* Assets.xcassets */ = {isa = PBXFileReference; lastKnownFileType = folder.assetcatalog; path = Assets.xcassets; sourceTree = "<group>"; };
		93ECB2002433B05400F4EF8E /* Base */ = {isa = PBXFileReference; lastKnownFileType = file.storyboard; name = Base; path = Base.lproj/LaunchScreen.storyboard; sourceTree = "<group>"; };
		93ECB2022433B05400F4EF8E /* Info.plist */ = {isa = PBXFileReference; lastKnownFileType = text.plist.xml; path = Info.plist; sourceTree = "<group>"; };
		93FEA809244646A000EAE2E0 /* MuscleGroupSelectorViewController.swift */ = {isa = PBXFileReference; lastKnownFileType = sourcecode.swift; path = MuscleGroupSelectorViewController.swift; sourceTree = "<group>"; };
		93FEA80B24464D3E00EAE2E0 /* RoutinesListViewController.swift */ = {isa = PBXFileReference; lastKnownFileType = sourcecode.swift; path = RoutinesListViewController.swift; sourceTree = "<group>"; };
		D3EFAF2A714B6C1BD30763E4 /* Pods-My GYM Management.debug.xcconfig */ = {isa = PBXFileReference; includeInIndex = 1; lastKnownFileType = text.xcconfig; name = "Pods-My GYM Management.debug.xcconfig"; path = "Target Support Files/Pods-My GYM Management/Pods-My GYM Management.debug.xcconfig"; sourceTree = "<group>"; };
/* End PBXFileReference section */

/* Begin PBXFrameworksBuildPhase section */
		93ECB1ED2433B05100F4EF8E /* Frameworks */ = {
			isa = PBXFrameworksBuildPhase;
			buildActionMask = 2147483647;
			files = (
				D5C56C9748E54D5CF47A085E /* Pods_My_GYM_Management.framework in Frameworks */,
			);
			runOnlyForDeploymentPostprocessing = 0;
		};
/* End PBXFrameworksBuildPhase section */

/* Begin PBXGroup section */
		8829EAB8156F24811E742CCA /* Frameworks */ = {
			isa = PBXGroup;
			children = (
				56B709B0FC24C3EC50274E2A /* Pods_My_GYM_Management.framework */,
			);
			name = Frameworks;
			sourceTree = "<group>";
		};
		930BBF33247C32F80065D631 /* bmi */ = {
			isa = PBXGroup;
			children = (
				930BBF36247C34480065D631 /* AddBMIDataSB.storyboard */,
				93C8D54B247C57710043F228 /* AddBMIDataSBViewController.swift */,
				93CB6756247C759800B40F7D /* BMITableViewController.swift */,
				931C6641247D671C008EF9F2 /* BMIGraphViewController.swift */,
			);
			path = bmi;
			sourceTree = "<group>";
		};
		938B16F5246CB7EC00CA0BD2 /* exercises */ = {
			isa = PBXGroup;
			children = (
				936AB1B0246C638C008B1D92 /* AddExerciseTableViewController.swift */,
				931CE0B0244129BA00D2AD96 /* ExerciseInfoViewController.swift */,
			);
			path = exercises;
			sourceTree = "<group>";
		};
		938B16F6246CB81600CA0BD2 /* routines */ = {
			isa = PBXGroup;
			children = (
				938B16F8246CBFB800CA0BD2 /* AddExercise.storyboard */,
				938B16F7246CBFB700CA0BD2 /* AddExerciseSBViewController.swift */,
				938B16F3246C9D4900CA0BD2 /* AddRoutineTableViewController.swift */,
				93CE92A424639357002875AD /* RoutineInfoViewController.swift */,
				930BBF2F247C1C110065D631 /* RoutineExerciseTableViewCell.swift */,
				930BBF30247C1C110065D631 /* RoutineExerciseTableViewCell.xib */,
			);
			path = routines;
			sourceTree = "<group>";
		};
		93BF030A2465B2AC00E3E167 /* tutorial_interface_scratchmade */ = {
			isa = PBXGroup;
			children = (
				93BF03062465AB5C00E3E167 /* PageController.swift */,
				93BF03082465B2A200E3E167 /* PageCell.swift */,
				93BF030B2465E13500E3E167 /* Page.swift */,
			);
			path = tutorial_interface_scratchmade;
			sourceTree = "<group>";
		};
		93E79C302462FE5600AD6355 /* main_interface */ = {
			isa = PBXGroup;
			children = (
				93CF7232243BB88600C53AED /* ExercisesViewController.swift */,
				93FEA809244646A000EAE2E0 /* MuscleGroupSelectorViewController.swift */,
				93CF7236243BB8F000C53AED /* MyRoutinesViewController.swift */,
				93CF7238243BB90400C53AED /* OthersViewController.swift */,
				93FEA80B24464D3E00EAE2E0 /* RoutinesListViewController.swift */,
				93CF7234243BB8DE00C53AED /* RoutinesViewController.swift */,
			);
			name = main_interface;
			path = "New Group";
			sourceTree = "<group>";
		};
		93ECB1E72433B05100F4EF8E = {
			isa = PBXGroup;
			children = (
				93ECB1F22433B05100F4EF8E /* My GYM Management */,
				93ECB1F12433B05100F4EF8E /* Products */,
				D27D8D1A27B60D75359FD6D4 /* Pods */,
				8829EAB8156F24811E742CCA /* Frameworks */,
			);
			sourceTree = "<group>";
		};
		93ECB1F12433B05100F4EF8E /* Products */ = {
			isa = PBXGroup;
			children = (
				93ECB1F02433B05100F4EF8E /* My GYM Management.app */,
			);
			name = Products;
			sourceTree = "<group>";
		};
		93ECB1F22433B05100F4EF8E /* My GYM Management */ = {
			isa = PBXGroup;
			children = (
				93ECB2022433B05400F4EF8E /* Info.plist */,
				93ECB1FA2433B05100F4EF8E /* My_GYM_Management.xcdatamodeld */,
				93ECB1FD2433B05400F4EF8E /* Assets.xcassets */,
				93ECB1F32433B05100F4EF8E /* AppDelegate.swift */,
				93C15AA9243BDF71008B6B0F /* Constants.swift */,
				93ECB1FF2433B05400F4EF8E /* LaunchScreen.storyboard */,
				93ECB1F72433B05100F4EF8E /* Main.storyboard */,
				938B16F5246CB7EC00CA0BD2 /* exercises */,
				930BBF33247C32F80065D631 /* bmi */,
				93E79C302462FE5600AD6355 /* main_interface */,
				938B16F6246CB81600CA0BD2 /* routines */,
				93BF030A2465B2AC00E3E167 /* tutorial_interface_scratchmade */,
			);
			path = "My GYM Management";
			sourceTree = "<group>";
		};
		D27D8D1A27B60D75359FD6D4 /* Pods */ = {
			isa = PBXGroup;
			children = (
				D3EFAF2A714B6C1BD30763E4 /* Pods-My GYM Management.debug.xcconfig */,
				8A9088F07192A215ACAAD032 /* Pods-My GYM Management.release.xcconfig */,
			);
			path = Pods;
			sourceTree = "<group>";
		};
/* End PBXGroup section */

/* Begin PBXNativeTarget section */
		93ECB1EF2433B05100F4EF8E /* My GYM Management */ = {
			isa = PBXNativeTarget;
			buildConfigurationList = 93ECB2052433B05400F4EF8E /* Build configuration list for PBXNativeTarget "My GYM Management" */;
			buildPhases = (
				FA04B0449213F67D556B07AB /* [CP] Check Pods Manifest.lock */,
				93ECB1EC2433B05100F4EF8E /* Sources */,
				93ECB1ED2433B05100F4EF8E /* Frameworks */,
				93ECB1EE2433B05100F4EF8E /* Resources */,
				58F90B7F9411F51B4267D878 /* [CP] Embed Pods Frameworks */,
			);
			buildRules = (
			);
			dependencies = (
			);
			name = "My GYM Management";
			productName = "My GYM Management";
			productReference = 93ECB1F02433B05100F4EF8E /* My GYM Management.app */;
			productType = "com.apple.product-type.application";
		};
/* End PBXNativeTarget section */

/* Begin PBXProject section */
		93ECB1E82433B05100F4EF8E /* Project object */ = {
			isa = PBXProject;
			attributes = {
				LastSwiftUpdateCheck = 1010;
				LastUpgradeCheck = 1010;
				ORGANIZATIONNAME = AlphaDvlpr;
				TargetAttributes = {
					93ECB1EF2433B05100F4EF8E = {
						CreatedOnToolsVersion = 10.1;
					};
				};
			};
			buildConfigurationList = 93ECB1EB2433B05100F4EF8E /* Build configuration list for PBXProject "My GYM Management" */;
			compatibilityVersion = "Xcode 9.3";
			developmentRegion = en;
			hasScannedForEncodings = 0;
			knownRegions = (
				en,
				Base,
			);
			mainGroup = 93ECB1E72433B05100F4EF8E;
			productRefGroup = 93ECB1F12433B05100F4EF8E /* Products */;
			projectDirPath = "";
			projectRoot = "";
			targets = (
				93ECB1EF2433B05100F4EF8E /* My GYM Management */,
			);
		};
/* End PBXProject section */

/* Begin PBXResourcesBuildPhase section */
		93ECB1EE2433B05100F4EF8E /* Resources */ = {
			isa = PBXResourcesBuildPhase;
			buildActionMask = 2147483647;
			files = (
				930BBF32247C1C110065D631 /* RoutineExerciseTableViewCell.xib in Resources */,
				93ECB2012433B05400F4EF8E /* LaunchScreen.storyboard in Resources */,
				93ECB1FE2433B05400F4EF8E /* Assets.xcassets in Resources */,
				938B16FA246CBFB800CA0BD2 /* AddExercise.storyboard in Resources */,
				930BBF37247C34480065D631 /* AddBMIDataSB.storyboard in Resources */,
				93ECB1F92433B05100F4EF8E /* Main.storyboard in Resources */,
			);
			runOnlyForDeploymentPostprocessing = 0;
		};
/* End PBXResourcesBuildPhase section */

/* Begin PBXShellScriptBuildPhase section */
		58F90B7F9411F51B4267D878 /* [CP] Embed Pods Frameworks */ = {
			isa = PBXShellScriptBuildPhase;
			buildActionMask = 2147483647;
			files = (
			);
			inputFileListPaths = (
				"${PODS_ROOT}/Target Support Files/Pods-My GYM Management/Pods-My GYM Management-frameworks-${CONFIGURATION}-input-files.xcfilelist",
			);
			name = "[CP] Embed Pods Frameworks";
			outputFileListPaths = (
				"${PODS_ROOT}/Target Support Files/Pods-My GYM Management/Pods-My GYM Management-frameworks-${CONFIGURATION}-output-files.xcfilelist",
			);
			runOnlyForDeploymentPostprocessing = 0;
			shellPath = /bin/sh;
			shellScript = "\"${PODS_ROOT}/Target Support Files/Pods-My GYM Management/Pods-My GYM Management-frameworks.sh\"\n";
			showEnvVarsInLog = 0;
		};
		FA04B0449213F67D556B07AB /* [CP] Check Pods Manifest.lock */ = {
			isa = PBXShellScriptBuildPhase;
			buildActionMask = 2147483647;
			files = (
			);
			inputFileListPaths = (
			);
			inputPaths = (
				"${PODS_PODFILE_DIR_PATH}/Podfile.lock",
				"${PODS_ROOT}/Manifest.lock",
			);
			name = "[CP] Check Pods Manifest.lock";
			outputFileListPaths = (
			);
			outputPaths = (
				"$(DERIVED_FILE_DIR)/Pods-My GYM Management-checkManifestLockResult.txt",
			);
			runOnlyForDeploymentPostprocessing = 0;
			shellPath = /bin/sh;
			shellScript = "diff \"${PODS_PODFILE_DIR_PATH}/Podfile.lock\" \"${PODS_ROOT}/Manifest.lock\" > /dev/null\nif [ $? != 0 ] ; then\n    # print error to STDERR\n    echo \"error: The sandbox is not in sync with the Podfile.lock. Run 'pod install' or update your CocoaPods installation.\" >&2\n    exit 1\nfi\n# This output is used by Xcode 'outputs' to avoid re-running this script phase.\necho \"SUCCESS\" > \"${SCRIPT_OUTPUT_FILE_0}\"\n";
			showEnvVarsInLog = 0;
		};
/* End PBXShellScriptBuildPhase section */

/* Begin PBXSourcesBuildPhase section */
		93ECB1EC2433B05100F4EF8E /* Sources */ = {
			isa = PBXSourcesBuildPhase;
			buildActionMask = 2147483647;
			files = (
				93C8D54C247C57710043F228 /* AddBMIDataSBViewController.swift in Sources */,
				93ECB1F42433B05100F4EF8E /* AppDelegate.swift in Sources */,
				93CF7233243BB88600C53AED /* ExercisesViewController.swift in Sources */,
				93BF030C2465E13500E3E167 /* Page.swift in Sources */,
				93ECB1FC2433B05100F4EF8E /* My_GYM_Management.xcdatamodeld in Sources */,
				938B16F4246C9D4900CA0BD2 /* AddRoutineTableViewController.swift in Sources */,
				936AB1B1246C638C008B1D92 /* AddExerciseTableViewController.swift in Sources */,
				931C6642247D671C008EF9F2 /* BMIGraphViewController.swift in Sources */,
				938B16F9246CBFB800CA0BD2 /* AddExerciseSBViewController.swift in Sources */,
				93CF7237243BB8F000C53AED /* MyRoutinesViewController.swift in Sources */,
				93FEA80A244646A000EAE2E0 /* MuscleGroupSelectorViewController.swift in Sources */,
				93CB6757247C759800B40F7D /* BMITableViewController.swift in Sources */,
				931CE0B1244129BA00D2AD96 /* ExerciseInfoViewController.swift in Sources */,
				93FEA80C24464D3E00EAE2E0 /* RoutinesListViewController.swift in Sources */,
				93CE92A524639357002875AD /* RoutineInfoViewController.swift in Sources */,
				93C15AAA243BDF71008B6B0F /* Constants.swift in Sources */,
				93BF03072465AB5C00E3E167 /* PageController.swift in Sources */,
				93BF03092465B2A200E3E167 /* PageCell.swift in Sources */,
				93CF7235243BB8DE00C53AED /* RoutinesViewController.swift in Sources */,
				930BBF31247C1C110065D631 /* RoutineExerciseTableViewCell.swift in Sources */,
				93CF7239243BB90400C53AED /* OthersViewController.swift in Sources */,
			);
			runOnlyForDeploymentPostprocessing = 0;
		};
/* End PBXSourcesBuildPhase section */

/* Begin PBXVariantGroup section */
		93ECB1F72433B05100F4EF8E /* Main.storyboard */ = {
			isa = PBXVariantGroup;
			children = (
				93ECB1F82433B05100F4EF8E /* Base */,
			);
			name = Main.storyboard;
			sourceTree = "<group>";
		};
		93ECB1FF2433B05400F4EF8E /* LaunchScreen.storyboard */ = {
			isa = PBXVariantGroup;
			children = (
				93ECB2002433B05400F4EF8E /* Base */,
			);
			name = LaunchScreen.storyboard;
			sourceTree = "<group>";
		};
/* End PBXVariantGroup section */

/* Begin XCBuildConfiguration section */
		93ECB2032433B05400F4EF8E /* Debug */ = {
			isa = XCBuildConfiguration;
			buildSettings = {
				ALWAYS_SEARCH_USER_PATHS = NO;
				CLANG_ANALYZER_NONNULL = YES;
				CLANG_ANALYZER_NUMBER_OBJECT_CONVERSION = YES_AGGRESSIVE;
				CLANG_CXX_LANGUAGE_STANDARD = "gnu++14";
				CLANG_CXX_LIBRARY = "libc++";
				CLANG_ENABLE_MODULES = YES;
				CLANG_ENABLE_OBJC_ARC = YES;
				CLANG_ENABLE_OBJC_WEAK = YES;
				CLANG_WARN_BLOCK_CAPTURE_AUTORELEASING = YES;
				CLANG_WARN_BOOL_CONVERSION = YES;
				CLANG_WARN_COMMA = YES;
				CLANG_WARN_CONSTANT_CONVERSION = YES;
				CLANG_WARN_DEPRECATED_OBJC_IMPLEMENTATIONS = YES;
				CLANG_WARN_DIRECT_OBJC_ISA_USAGE = YES_ERROR;
				CLANG_WARN_DOCUMENTATION_COMMENTS = YES;
				CLANG_WARN_EMPTY_BODY = YES;
				CLANG_WARN_ENUM_CONVERSION = YES;
				CLANG_WARN_INFINITE_RECURSION = YES;
				CLANG_WARN_INT_CONVERSION = YES;
				CLANG_WARN_NON_LITERAL_NULL_CONVERSION = YES;
				CLANG_WARN_OBJC_IMPLICIT_RETAIN_SELF = YES;
				CLANG_WARN_OBJC_LITERAL_CONVERSION = YES;
				CLANG_WARN_OBJC_ROOT_CLASS = YES_ERROR;
				CLANG_WARN_RANGE_LOOP_ANALYSIS = YES;
				CLANG_WARN_STRICT_PROTOTYPES = YES;
				CLANG_WARN_SUSPICIOUS_MOVE = YES;
				CLANG_WARN_UNGUARDED_AVAILABILITY = YES_AGGRESSIVE;
				CLANG_WARN_UNREACHABLE_CODE = YES;
				CLANG_WARN__DUPLICATE_METHOD_MATCH = YES;
				CODE_SIGN_IDENTITY = "iPhone Developer";
				COPY_PHASE_STRIP = NO;
				DEBUG_INFORMATION_FORMAT = dwarf;
				ENABLE_STRICT_OBJC_MSGSEND = YES;
				ENABLE_TESTABILITY = YES;
				GCC_C_LANGUAGE_STANDARD = gnu11;
				GCC_DYNAMIC_NO_PIC = NO;
				GCC_NO_COMMON_BLOCKS = YES;
				GCC_OPTIMIZATION_LEVEL = 0;
				GCC_PREPROCESSOR_DEFINITIONS = (
					"DEBUG=1",
					"$(inherited)",
				);
				GCC_WARN_64_TO_32_BIT_CONVERSION = YES;
				GCC_WARN_ABOUT_RETURN_TYPE = YES_ERROR;
				GCC_WARN_UNDECLARED_SELECTOR = YES;
				GCC_WARN_UNINITIALIZED_AUTOS = YES_AGGRESSIVE;
				GCC_WARN_UNUSED_FUNCTION = YES;
				GCC_WARN_UNUSED_VARIABLE = YES;
				IPHONEOS_DEPLOYMENT_TARGET = 12.1;
				MTL_ENABLE_DEBUG_INFO = INCLUDE_SOURCE;
				MTL_FAST_MATH = YES;
				ONLY_ACTIVE_ARCH = YES;
				SDKROOT = iphoneos;
				SWIFT_ACTIVE_COMPILATION_CONDITIONS = DEBUG;
				SWIFT_OPTIMIZATION_LEVEL = "-Onone";
			};
			name = Debug;
		};
		93ECB2042433B05400F4EF8E /* Release */ = {
			isa = XCBuildConfiguration;
			buildSettings = {
				ALWAYS_SEARCH_USER_PATHS = NO;
				CLANG_ANALYZER_NONNULL = YES;
				CLANG_ANALYZER_NUMBER_OBJECT_CONVERSION = YES_AGGRESSIVE;
				CLANG_CXX_LANGUAGE_STANDARD = "gnu++14";
				CLANG_CXX_LIBRARY = "libc++";
				CLANG_ENABLE_MODULES = YES;
				CLANG_ENABLE_OBJC_ARC = YES;
				CLANG_ENABLE_OBJC_WEAK = YES;
				CLANG_WARN_BLOCK_CAPTURE_AUTORELEASING = YES;
				CLANG_WARN_BOOL_CONVERSION = YES;
				CLANG_WARN_COMMA = YES;
				CLANG_WARN_CONSTANT_CONVERSION = YES;
				CLANG_WARN_DEPRECATED_OBJC_IMPLEMENTATIONS = YES;
				CLANG_WARN_DIRECT_OBJC_ISA_USAGE = YES_ERROR;
				CLANG_WARN_DOCUMENTATION_COMMENTS = YES;
				CLANG_WARN_EMPTY_BODY = YES;
				CLANG_WARN_ENUM_CONVERSION = YES;
				CLANG_WARN_INFINITE_RECURSION = YES;
				CLANG_WARN_INT_CONVERSION = YES;
				CLANG_WARN_NON_LITERAL_NULL_CONVERSION = YES;
				CLANG_WARN_OBJC_IMPLICIT_RETAIN_SELF = YES;
				CLANG_WARN_OBJC_LITERAL_CONVERSION = YES;
				CLANG_WARN_OBJC_ROOT_CLASS = YES_ERROR;
				CLANG_WARN_RANGE_LOOP_ANALYSIS = YES;
				CLANG_WARN_STRICT_PROTOTYPES = YES;
				CLANG_WARN_SUSPICIOUS_MOVE = YES;
				CLANG_WARN_UNGUARDED_AVAILABILITY = YES_AGGRESSIVE;
				CLANG_WARN_UNREACHABLE_CODE = YES;
				CLANG_WARN__DUPLICATE_METHOD_MATCH = YES;
				CODE_SIGN_IDENTITY = "iPhone Developer";
				COPY_PHASE_STRIP = NO;
				DEBUG_INFORMATION_FORMAT = "dwarf-with-dsym";
				ENABLE_NS_ASSERTIONS = NO;
				ENABLE_STRICT_OBJC_MSGSEND = YES;
				GCC_C_LANGUAGE_STANDARD = gnu11;
				GCC_NO_COMMON_BLOCKS = YES;
				GCC_WARN_64_TO_32_BIT_CONVERSION = YES;
				GCC_WARN_ABOUT_RETURN_TYPE = YES_ERROR;
				GCC_WARN_UNDECLARED_SELECTOR = YES;
				GCC_WARN_UNINITIALIZED_AUTOS = YES_AGGRESSIVE;
				GCC_WARN_UNUSED_FUNCTION = YES;
				GCC_WARN_UNUSED_VARIABLE = YES;
				IPHONEOS_DEPLOYMENT_TARGET = 12.1;
				MTL_ENABLE_DEBUG_INFO = NO;
				MTL_FAST_MATH = YES;
				SDKROOT = iphoneos;
				SWIFT_COMPILATION_MODE = wholemodule;
				SWIFT_OPTIMIZATION_LEVEL = "-O";
				VALIDATE_PRODUCT = YES;
			};
			name = Release;
		};
		93ECB2062433B05400F4EF8E /* Debug */ = {
			isa = XCBuildConfiguration;
			baseConfigurationReference = D3EFAF2A714B6C1BD30763E4 /* Pods-My GYM Management.debug.xcconfig */;
			buildSettings = {
				ASSETCATALOG_COMPILER_APPICON_NAME = AppIcon;
				CODE_SIGN_STYLE = Automatic;
				DEVELOPMENT_TEAM = 49G7L7QASD;
				INFOPLIST_FILE = "My GYM Management/Info.plist";
				LD_RUNPATH_SEARCH_PATHS = (
					"$(inherited)",
					"@executable_path/Frameworks",
				);
				PRODUCT_BUNDLE_IDENTIFIER = "com.aaronyalberto.My-GYM-Management";
				PRODUCT_NAME = "$(TARGET_NAME)";
				SWIFT_VERSION = 4.2;
				TARGETED_DEVICE_FAMILY = "1,2";
			};
			name = Debug;
		};
		93ECB2072433B05400F4EF8E /* Release */ = {
			isa = XCBuildConfiguration;
			baseConfigurationReference = 8A9088F07192A215ACAAD032 /* Pods-My GYM Management.release.xcconfig */;
			buildSettings = {
				ASSETCATALOG_COMPILER_APPICON_NAME = AppIcon;
				CODE_SIGN_STYLE = Automatic;
				DEVELOPMENT_TEAM = 49G7L7QASD;
				INFOPLIST_FILE = "My GYM Management/Info.plist";
				LD_RUNPATH_SEARCH_PATHS = (
					"$(inherited)",
					"@executable_path/Frameworks",
				);
				PRODUCT_BUNDLE_IDENTIFIER = "com.aaronyalberto.My-GYM-Management";
				PRODUCT_NAME = "$(TARGET_NAME)";
				SWIFT_VERSION = 4.2;
				TARGETED_DEVICE_FAMILY = "1,2";
			};
			name = Release;
		};
/* End XCBuildConfiguration section */

/* Begin XCConfigurationList section */
		93ECB1EB2433B05100F4EF8E /* Build configuration list for PBXProject "My GYM Management" */ = {
			isa = XCConfigurationList;
			buildConfigurations = (
				93ECB2032433B05400F4EF8E /* Debug */,
				93ECB2042433B05400F4EF8E /* Release */,
			);
			defaultConfigurationIsVisible = 0;
			defaultConfigurationName = Release;
		};
		93ECB2052433B05400F4EF8E /* Build configuration list for PBXNativeTarget "My GYM Management" */ = {
			isa = XCConfigurationList;
			buildConfigurations = (
				93ECB2062433B05400F4EF8E /* Debug */,
				93ECB2072433B05400F4EF8E /* Release */,
			);
			defaultConfigurationIsVisible = 0;
			defaultConfigurationName = Release;
		};
/* End XCConfigurationList section */

/* Begin XCVersionGroup section */
		93ECB1FA2433B05100F4EF8E /* My_GYM_Management.xcdatamodeld */ = {
			isa = XCVersionGroup;
			children = (
				93ECB1FB2433B05100F4EF8E /* My_GYM_Management.xcdatamodel */,
			);
			currentVersion = 93ECB1FB2433B05100F4EF8E /* My_GYM_Management.xcdatamodel */;
			path = My_GYM_Management.xcdatamodeld;
			sourceTree = "<group>";
			versionGroupType = wrapper.xcdatamodel;
		};
/* End XCVersionGroup section */
	};
	rootObject = 93ECB1E82433B05100F4EF8E /* Project object */;
}
